Microsoft Visual Studio Solution File, Format Version 12.00
# Visual Studio 2012
Project("{FAE04EC0-301F-11D3-BF4B-00C04F79EFBC}") = "Midnight Baking", "Midnight Baking.csproj", "{DDB746AB-58D7-4F70-ACFD-58E73A2570EA}"
EndProject
Global
	GlobalSection(SolutionConfigurationPlatforms) = preSolution
	Debug|Any CPU = Debug|Any CPU
	ExportDebug|Any CPU = ExportDebug|Any CPU
	ExportRelease|Any CPU = ExportRelease|Any CPU
	EndGlobalSection
	GlobalSection(ProjectConfigurationPlatforms) = postSolution
		{DDB746AB-58D7-4F70-ACFD-58E73A2570EA}.Debug|Any CPU.ActiveCfg = Debug|Any CPU
		{DDB746AB-58D7-4F70-ACFD-58E73A2570EA}.Debug|Any CPU.Build.0 = Debug|Any CPU
		{DDB746AB-58D7-4F70-ACFD-58E73A2570EA}.ExportDebug|Any CPU.ActiveCfg = ExportDebug|Any CPU
		{DDB746AB-58D7-4F70-ACFD-58E73A2570EA}.ExportDebug|Any CPU.Build.0 = ExportDebug|Any CPU
		{DDB746AB-58D7-4F70-ACFD-58E73A2570EA}.ExportRelease|Any CPU.ActiveCfg = ExportRelease|Any CPU
		{DDB746AB-58D7-4F70-ACFD-58E73A2570EA}.ExportRelease|Any CPU.Build.0 = ExportRelease|Any CPU
	EndGlobalSection
EndGlobal
